<Solution>
  <Project Path="ProductService.API/ProductService.API.csproj" />
  <Project Path="ProductService.Application/ProductService.Application.csproj" />
  <Project Path="ProductService.Contracts/ProductService.Contracts.csproj" />
  <Project Path="ProductService.Domain/ProductService.Domain.csproj" />
  <Project Path="ProductService.Infrastructure/ProductService.Infrastructure.csproj" />
</Solution>
