<Solution>
  <Project Path="PaymentService.API/PaymentService.API.csproj" />
  <Project Path="PaymentService.Application/PaymentService.Application.csproj" />
  <Project Path="PaymentService.Contracts/PaymentService.Contracts.csproj" />
  <Project Path="PaymentService.Domain/PaymentService.Domain.csproj" />
  <Project Path="PaymentService.Infrastructure/PaymentService.Infrastructure.csproj" />
</Solution>
