<Solution>
  <Project Path="IdentityService.API/IdentityService.API.csproj" />
  <Project Path="IdentityService.Application/IdentityService.Application.csproj" />
  <Project Path="IdentityService.Contracts/IdentityService.Contracts.csproj" />
  <Project Path="IdentityService.Domain/IdentityService.Domain.csproj" />
  <Project Path="IdentityService.Infrastructure/IdentityService.Infrastructure.csproj" />
</Solution>
